// !$*UTF8*$!
{
	archiveVersion = 1;
	classes = {
	};
	objectVersion = 55;
	objects = {

/* Begin PBXBuildFile section */
		2B3BE58227F4AAF00048F5B3 /* basicWatchOSApp WatchKit App.app in Embed Watch Content */ = {isa = PBXBuildFile; fileRef = 2B3BE58127F4AAF00048F5B3 /* basicWatchOSApp WatchKit App.app */; settings = {ATTRIBUTES = (RemoveHeadersOnCopy, ); }; };
		2B3BE58727F4AAF30048F5B3 /* Assets.xcassets in Resources */ = {isa = PBXBuildFile; fileRef = 2B3BE58627F4AAF30048F5B3 /* Assets.xcassets */; };
		2B3BE58D27F4AAF40048F5B3 /* basicWatchOSApp WatchKit Extension.appex in Embed App Extensions */ = {isa = PBXBuildFile; fileRef = 2B3BE58C27F4AAF40048F5B3 /* basicWatchOSApp WatchKit Extension.appex */; settings = {ATTRIBUTES = (RemoveHeadersOnCopy, ); }; };
		2B3BE59227F4AAF40048F5B3 /* basicWatchOSAppApp.swift in Sources */ = {isa = PBXBuildFile; fileRef = 2B3BE59127F4AAF40048F5B3 /* basicWatchOSAppApp.swift */; };
		2B3BE59427F4AAF40048F5B3 /* DummyCalculator.swift in Sources */ = {isa = PBXBuildFile; fileRef = 2B3BE59327F4AAF40048F5B3 /* DummyCalculator.swift */; };
		2B3BE59627F4AAF40048F5B3 /* NotificationController.swift in Sources */ = {isa = PBXBuildFile; fileRef = 2B3BE59527F4AAF40048F5B3 /* NotificationController.swift */; };
		2B3BE59827F4AAF40048F5B3 /* NotificationView.swift in Sources */ = {isa = PBXBuildFile; fileRef = 2B3BE59727F4AAF40048F5B3 /* NotificationView.swift */; };
		2B3BE59A27F4AAF40048F5B3 /* ComplicationController.swift in Sources */ = {isa = PBXBuildFile; fileRef = 2B3BE59927F4AAF40048F5B3 /* ComplicationController.swift */; };
		2B3BE59C27F4AAF50048F5B3 /* Assets.xcassets in Resources */ = {isa = PBXBuildFile; fileRef = 2B3BE59B27F4AAF50048F5B3 /* Assets.xcassets */; };
		2B3BE59F27F4AAF50048F5B3 /* Preview Assets.xcassets in Resources */ = {isa = PBXBuildFile; fileRef = 2B3BE59E27F4AAF50048F5B3 /* Preview Assets.xcassets */; };
/* End PBXBuildFile section */

/* Begin PBXContainerItemProxy section */
		2B3BE58327F4AAF00048F5B3 /* PBXContainerItemProxy */ = {
			isa = PBXContainerItemProxy;
			containerPortal = 2B3BE57727F4AAF00048F5B3 /* Project object */;
			proxyType = 1;
			remoteGlobalIDString = 2B3BE58027F4AAF00048F5B3;
			remoteInfo = "basicWatchOSApp WatchKit App";
		};
		2B3BE58E27F4AAF40048F5B3 /* PBXContainerItemProxy */ = {
			isa = PBXContainerItemProxy;
			containerPortal = 2B3BE57727F4AAF00048F5B3 /* Project object */;
			proxyType = 1;
			remoteGlobalIDString = 2B3BE58B27F4AAF40048F5B3;
			remoteInfo = "basicWatchOSApp WatchKit Extension";
		};
/* End PBXContainerItemProxy section */

/* Begin PBXCopyFilesBuildPhase section */
		2B3BE5A727F4AAF50048F5B3 /* Embed App Extensions */ = {
			isa = PBXCopyFilesBuildPhase;
			buildActionMask = 2147483647;
			dstPath = "";
			dstSubfolderSpec = 13;
			files = (
				2B3BE58D27F4AAF40048F5B3 /* basicWatchOSApp WatchKit Extension.appex in Embed App Extensions */,
			);
			name = "Embed App Extensions";
			runOnlyForDeploymentPostprocessing = 0;
		};
		2B3BE5AB27F4AAF50048F5B3 /* Embed Watch Content */ = {
			isa = PBXCopyFilesBuildPhase;
			buildActionMask = 2147483647;
			dstPath = "$(CONTENTS_FOLDER_PATH)/Watch";
			dstSubfolderSpec = 16;
			files = (
				2B3BE58227F4AAF00048F5B3 /* basicWatchOSApp WatchKit App.app in Embed Watch Content */,
			);
			name = "Embed Watch Content";
			runOnlyForDeploymentPostprocessing = 0;
		};
/* End PBXCopyFilesBuildPhase section */

/* Begin PBXFileReference section */
		2B3BE57D27F4AAF00048F5B3 /* basicWatchOSApp.app */ = {isa = PBXFileReference; explicitFileType = wrapper.application; includeInIndex = 0; path = basicWatchOSApp.app; sourceTree = BUILT_PRODUCTS_DIR; };
		2B3BE58127F4AAF00048F5B3 /* basicWatchOSApp WatchKit App.app */ = {isa = PBXFileReference; explicitFileType = wrapper.application; includeInIndex = 0; path = "basicWatchOSApp WatchKit App.app"; sourceTree = BUILT_PRODUCTS_DIR; };
		2B3BE58627F4AAF30048F5B3 /* Assets.xcassets */ = {isa = PBXFileReference; lastKnownFileType = folder.assetcatalog; path = Assets.xcassets; sourceTree = "<group>"; };
		2B3BE58C27F4AAF40048F5B3 /* basicWatchOSApp WatchKit Extension.appex */ = {isa = PBXFileReference; explicitFileType = "wrapper.app-extension"; includeInIndex = 0; path = "basicWatchOSApp WatchKit Extension.appex"; sourceTree = BUILT_PRODUCTS_DIR; };
		2B3BE59127F4AAF40048F5B3 /* basicWatchOSAppApp.swift */ = {isa = PBXFileReference; lastKnownFileType = sourcecode.swift; path = basicWatchOSAppApp.swift; sourceTree = "<group>"; };
		2B3BE59327F4AAF40048F5B3 /* DummyCalculator.swift */ = {isa = PBXFileReference; lastKnownFileType = sourcecode.swift; path = DummyCalculator.swift; sourceTree = "<group>"; };
		2B3BE59527F4AAF40048F5B3 /* NotificationController.swift */ = {isa = PBXFileReference; lastKnownFileType = sourcecode.swift; path = NotificationController.swift; sourceTree = "<group>"; };
		2B3BE59727F4AAF40048F5B3 /* NotificationView.swift */ = {isa = PBXFileReference; lastKnownFileType = sourcecode.swift; path = NotificationView.swift; sourceTree = "<group>"; };
		2B3BE59927F4AAF40048F5B3 /* ComplicationController.swift */ = {isa = PBXFileReference; lastKnownFileType = sourcecode.swift; path = ComplicationController.swift; sourceTree = "<group>"; };
		2B3BE59B27F4AAF50048F5B3 /* Assets.xcassets */ = {isa = PBXFileReference; lastKnownFileType = folder.assetcatalog; path = Assets.xcassets; sourceTree = "<group>"; };
		2B3BE59E27F4AAF50048F5B3 /* Preview Assets.xcassets */ = {isa = PBXFileReference; lastKnownFileType = folder.assetcatalog; path = "Preview Assets.xcassets"; sourceTree = "<group>"; };
		2B3BE5A027F4AAF50048F5B3 /* Info.plist */ = {isa = PBXFileReference; lastKnownFileType = text.plist.xml; path = Info.plist; sourceTree = "<group>"; };
		2B3BE5A127F4AAF50048F5B3 /* PushNotificationPayload.apns */ = {isa = PBXFileReference; lastKnownFileType = text; path = PushNotificationPayload.apns; sourceTree = "<group>"; };
/* End PBXFileReference section */

/* Begin PBXFrameworksBuildPhase section */
		2B3BE58927F4AAF40048F5B3 /* Frameworks */ = {
			isa = PBXFrameworksBuildPhase;
			buildActionMask = 2147483647;
			files = (
			);
			runOnlyForDeploymentPostprocessing = 0;
		};
/* End PBXFrameworksBuildPhase section */

/* Begin PBXGroup section */
		2B3BE57627F4AAF00048F5B3 = {
			isa = PBXGroup;
			children = (
				2B3BE58527F4AAF00048F5B3 /* basicWatchOSApp WatchKit App */,
				2B3BE59027F4AAF40048F5B3 /* basicWatchOSApp WatchKit Extension */,
				2B3BE57E27F4AAF00048F5B3 /* Products */,
			);
			sourceTree = "<group>";
		};
		2B3BE57E27F4AAF00048F5B3 /* Products */ = {
			isa = PBXGroup;
			children = (
				2B3BE57D27F4AAF00048F5B3 /* basicWatchOSApp.app */,
				2B3BE58127F4AAF00048F5B3 /* basicWatchOSApp WatchKit App.app */,
				2B3BE58C27F4AAF40048F5B3 /* basicWatchOSApp WatchKit Extension.appex */,
			);
			name = Products;
			sourceTree = "<group>";
		};
		2B3BE58527F4AAF00048F5B3 /* basicWatchOSApp WatchKit App */ = {
			isa = PBXGroup;
			children = (
				2B3BE58627F4AAF30048F5B3 /* Assets.xcassets */,
			);
			path = "basicWatchOSApp WatchKit App";
			sourceTree = "<group>";
		};
		2B3BE59027F4AAF40048F5B3 /* basicWatchOSApp WatchKit Extension */ = {
			isa = PBXGroup;
			children = (
				2B3BE59127F4AAF40048F5B3 /* basicWatchOSAppApp.swift */,
				2B3BE59327F4AAF40048F5B3 /* DummyCalculator.swift */,
				2B3BE59527F4AAF40048F5B3 /* NotificationController.swift */,
				2B3BE59727F4AAF40048F5B3 /* NotificationView.swift */,
				2B3BE59927F4AAF40048F5B3 /* ComplicationController.swift */,
				2B3BE59B27F4AAF50048F5B3 /* Assets.xcassets */,
				2B3BE5A027F4AAF50048F5B3 /* Info.plist */,
				2B3BE5A127F4AAF50048F5B3 /* PushNotificationPayload.apns */,
				2B3BE59D27F4AAF50048F5B3 /* Preview Content */,
			);
			path = "basicWatchOSApp WatchKit Extension";
			sourceTree = "<group>";
		};
		2B3BE59D27F4AAF50048F5B3 /* Preview Content */ = {
			isa = PBXGroup;
			children = (
				2B3BE59E27F4AAF50048F5B3 /* Preview Assets.xcassets */,
			);
			path = "Preview Content";
			sourceTree = "<group>";
		};
/* End PBXGroup section */

/* Begin PBXNativeTarget section */
		2B3BE57C27F4AAF00048F5B3 /* basicWatchOSApp */ = {
			isa = PBXNativeTarget;
			buildConfigurationList = 2B3BE5AC27F4AAF50048F5B3 /* Build configuration list for PBXNativeTarget "basicWatchOSApp" */;
			buildPhases = (
				2B3BE57B27F4AAF00048F5B3 /* Resources */,
				2B3BE5AB27F4AAF50048F5B3 /* Embed Watch Content */,
			);
			buildRules = (
			);
			dependencies = (
				2B3BE58427F4AAF00048F5B3 /* PBXTargetDependency */,
			);
			name = basicWatchOSApp;
			productName = basicWatchOSApp;
			productReference = 2B3BE57D27F4AAF00048F5B3 /* basicWatchOSApp.app */;
			productType = "com.apple.product-type.application.watchapp2-container";
		};
		2B3BE58027F4AAF00048F5B3 /* basicWatchOSApp WatchKit App */ = {
			isa = PBXNativeTarget;
			buildConfigurationList = 2B3BE5A827F4AAF50048F5B3 /* Build configuration list for PBXNativeTarget "basicWatchOSApp WatchKit App" */;
			buildPhases = (
				2B3BE57F27F4AAF00048F5B3 /* Resources */,
				2B3BE5A727F4AAF50048F5B3 /* Embed App Extensions */,
			);
			buildRules = (
			);
			dependencies = (
				2B3BE58F27F4AAF40048F5B3 /* PBXTargetDependency */,
			);
			name = "basicWatchOSApp WatchKit App";
			productName = "basicWatchOSApp WatchKit App";
			productReference = 2B3BE58127F4AAF00048F5B3 /* basicWatchOSApp WatchKit App.app */;
			productType = "com.apple.product-type.application.watchapp2";
		};
		2B3BE58B27F4AAF40048F5B3 /* basicWatchOSApp WatchKit Extension */ = {
			isa = PBXNativeTarget;
			buildConfigurationList = 2B3BE5A427F4AAF50048F5B3 /* Build configuration list for PBXNativeTarget "basicWatchOSApp WatchKit Extension" */;
			buildPhases = (
				2B3BE58827F4AAF40048F5B3 /* Sources */,
				2B3BE58927F4AAF40048F5B3 /* Frameworks */,
				2B3BE58A27F4AAF40048F5B3 /* Resources */,
			);
			buildRules = (
			);
			dependencies = (
			);
			name = "basicWatchOSApp WatchKit Extension";
			productName = "basicWatchOSApp WatchKit Extension";
			productReference = 2B3BE58C27F4AAF40048F5B3 /* basicWatchOSApp WatchKit Extension.appex */;
			productType = "com.apple.product-type.watchkit2-extension";
		};
/* End PBXNativeTarget section */

/* Begin PBXProject section */
		2B3BE57727F4AAF00048F5B3 /* Project object */ = {
			isa = PBXProject;
			attributes = {
				BuildIndependentTargetsInParallel = 1;
				LastSwiftUpdateCheck = 1330;
				LastUpgradeCheck = 1330;
				TargetAttributes = {
					2B3BE57C27F4AAF00048F5B3 = {
						CreatedOnToolsVersion = 13.3;
					};
					2B3BE58027F4AAF00048F5B3 = {
						CreatedOnToolsVersion = 13.3;
					};
					2B3BE58B27F4AAF40048F5B3 = {
						CreatedOnToolsVersion = 13.3;
					};
				};
			};
			buildConfigurationList = 2B3BE57A27F4AAF00048F5B3 /* Build configuration list for PBXProject "basicWatchOSApp" */;
			compatibilityVersion = "Xcode 13.0";
			developmentRegion = en;
			hasScannedForEncodings = 0;
			knownRegions = (
				en,
				Base,
			);
			mainGroup = 2B3BE57627F4AAF00048F5B3;
			productRefGroup = 2B3BE57E27F4AAF00048F5B3 /* Products */;
			projectDirPath = "";
			projectRoot = "";
			targets = (
				2B3BE57C27F4AAF00048F5B3 /* basicWatchOSApp */,
				2B3BE58027F4AAF00048F5B3 /* basicWatchOSApp WatchKit App */,
				2B3BE58B27F4AAF40048F5B3 /* basicWatchOSApp WatchKit Extension */,
			);
		};
/* End PBXProject section */

/* Begin PBXResourcesBuildPhase section */
		2B3BE57B27F4AAF00048F5B3 /* Resources */ = {
			isa = PBXResourcesBuildPhase;
			buildActionMask = 2147483647;
			files = (
			);
			runOnlyForDeploymentPostprocessing = 0;
		};
		2B3BE57F27F4AAF00048F5B3 /* Resources */ = {
			isa = PBXResourcesBuildPhase;
			buildActionMask = 2147483647;
			files = (
				2B3BE58727F4AAF30048F5B3 /* Assets.xcassets in Resources */,
			);
			runOnlyForDeploymentPostprocessing = 0;
		};
		2B3BE58A27F4AAF40048F5B3 /* Resources */ = {
			isa = PBXResourcesBuildPhase;
			buildActionMask = 2147483647;
			files = (
				2B3BE59F27F4AAF50048F5B3 /* Preview Assets.xcassets in Resources */,
				2B3BE59C27F4AAF50048F5B3 /* Assets.xcassets in Resources */,
			);
			runOnlyForDeploymentPostprocessing = 0;
		};
/* End PBXResourcesBuildPhase section */

/* Begin PBXSourcesBuildPhase section */
		2B3BE58827F4AAF40048F5B3 /* Sources */ = {
			isa = PBXSourcesBuildPhase;
			buildActionMask = 2147483647;
			files = (
				2B3BE59627F4AAF40048F5B3 /* NotificationController.swift in Sources */,
				2B3BE59427F4AAF40048F5B3 /* DummyCalculator.swift in Sources */,
				2B3BE59A27F4AAF40048F5B3 /* ComplicationController.swift in Sources */,
				2B3BE59227F4AAF40048F5B3 /* basicWatchOSAppApp.swift in Sources */,
				2B3BE59827F4AAF40048F5B3 /* NotificationView.swift in Sources */,
			);
			runOnlyForDeploymentPostprocessing = 0;
		};
/* End PBXSourcesBuildPhase section */

/* Begin PBXTargetDependency section */
		2B3BE58427F4AAF00048F5B3 /* PBXTargetDependency */ = {
			isa = PBXTargetDependency;
			target = 2B3BE58027F4AAF00048F5B3 /* basicWatchOSApp WatchKit App */;
			targetProxy = 2B3BE58327F4AAF00048F5B3 /* PBXContainerItemProxy */;
		};
		2B3BE58F27F4AAF40048F5B3 /* PBXTargetDependency */ = {
			isa = PBXTargetDependency;
			target = 2B3BE58B27F4AAF40048F5B3 /* basicWatchOSApp WatchKit Extension */;
			targetProxy = 2B3BE58E27F4AAF40048F5B3 /* PBXContainerItemProxy */;
		};
/* End PBXTargetDependency section */

/* Begin XCBuildConfiguration section */
		2B3BE5A227F4AAF50048F5B3 /* Debug */ = {
			isa = XCBuildConfiguration;
			buildSettings = {
				ALWAYS_SEARCH_USER_PATHS = NO;
				CLANG_ANALYZER_NONNULL = YES;
				CLANG_ANALYZER_NUMBER_OBJECT_CONVERSION = YES_AGGRESSIVE;
				CLANG_CXX_LANGUAGE_STANDARD = "gnu++17";
				CLANG_ENABLE_MODULES = YES;
				CLANG_ENABLE_OBJC_ARC = YES;
				CLANG_ENABLE_OBJC_WEAK = YES;
				CLANG_WARN_BLOCK_CAPTURE_AUTORELEASING = YES;
				CLANG_WARN_BOOL_CONVERSION = YES;
				CLANG_WARN_COMMA = YES;
				CLANG_WARN_CONSTANT_CONVERSION = YES;
				CLANG_WARN_DEPRECATED_OBJC_IMPLEMENTATIONS = YES;
				CLANG_WARN_DIRECT_OBJC_ISA_USAGE = YES_ERROR;
				CLANG_WARN_DOCUMENTATION_COMMENTS = YES;
				CLANG_WARN_EMPTY_BODY = YES;
				CLANG_WARN_ENUM_CONVERSION = YES;
				CLANG_WARN_INFINITE_RECURSION = YES;
				CLANG_WARN_INT_CONVERSION = YES;
				CLANG_WARN_NON_LITERAL_NULL_CONVERSION = YES;
				CLANG_WARN_OBJC_IMPLICIT_RETAIN_SELF = YES;
				CLANG_WARN_OBJC_LITERAL_CONVERSION = YES;
				CLANG_WARN_OBJC_ROOT_CLASS = YES_ERROR;
				CLANG_WARN_QUOTED_INCLUDE_IN_FRAMEWORK_HEADER = YES;
				CLANG_WARN_RANGE_LOOP_ANALYSIS = YES;
				CLANG_WARN_STRICT_PROTOTYPES = YES;
				CLANG_WARN_SUSPICIOUS_MOVE = YES;
				CLANG_WARN_UNGUARDED_AVAILABILITY = YES_AGGRESSIVE;
				CLANG_WARN_UNREACHABLE_CODE = YES;
				CLANG_WARN__DUPLICATE_METHOD_MATCH = YES;
				COPY_PHASE_STRIP = NO;
				DEBUG_INFORMATION_FORMAT = dwarf;
				ENABLE_STRICT_OBJC_MSGSEND = YES;
				ENABLE_TESTABILITY = YES;
				GCC_C_LANGUAGE_STANDARD = gnu11;
				GCC_DYNAMIC_NO_PIC = NO;
				GCC_NO_COMMON_BLOCKS = YES;
				GCC_OPTIMIZATION_LEVEL = 0;
				GCC_PREPROCESSOR_DEFINITIONS = (
					"DEBUG=1",
					"$(inherited)",
				);
				GCC_WARN_64_TO_32_BIT_CONVERSION = YES;
				GCC_WARN_ABOUT_RETURN_TYPE = YES_ERROR;
				GCC_WARN_UNDECLARED_SELECTOR = YES;
				GCC_WARN_UNINITIALIZED_AUTOS = YES_AGGRESSIVE;
				GCC_WARN_UNUSED_FUNCTION = YES;
				GCC_WARN_UNUSED_VARIABLE = YES;
				MTL_ENABLE_DEBUG_INFO = INCLUDE_SOURCE;
				MTL_FAST_MATH = YES;
				ONLY_ACTIVE_ARCH = YES;
				SDKROOT = iphoneos;
				SWIFT_ACTIVE_COMPILATION_CONDITIONS = DEBUG;
				SWIFT_OPTIMIZATION_LEVEL = "-Onone";
			};
			name = Debug;
		};
		2B3BE5A327F4AAF50048F5B3 /* Release */ = {
			isa = XCBuildConfiguration;
			buildSettings = {
				ALWAYS_SEARCH_USER_PATHS = NO;
				CLANG_ANALYZER_NONNULL = YES;
				CLANG_ANALYZER_NUMBER_OBJECT_CONVERSION = YES_AGGRESSIVE;
				CLANG_CXX_LANGUAGE_STANDARD = "gnu++17";
				CLANG_ENABLE_MODULES = YES;
				CLANG_ENABLE_OBJC_ARC = YES;
				CLANG_ENABLE_OBJC_WEAK = YES;
				CLANG_WARN_BLOCK_CAPTURE_AUTORELEASING = YES;
				CLANG_WARN_BOOL_CONVERSION = YES;
				CLANG_WARN_COMMA = YES;
				CLANG_WARN_CONSTANT_CONVERSION = YES;
				CLANG_WARN_DEPRECATED_OBJC_IMPLEMENTATIONS = YES;
				CLANG_WARN_DIRECT_OBJC_ISA_USAGE = YES_ERROR;
				CLANG_WARN_DOCUMENTATION_COMMENTS = YES;
				CLANG_WARN_EMPTY_BODY = YES;
				CLANG_WARN_ENUM_CONVERSION = YES;
				CLANG_WARN_INFINITE_RECURSION = YES;
				CLANG_WARN_INT_CONVERSION = YES;
				CLANG_WARN_NON_LITERAL_NULL_CONVERSION = YES;
				CLANG_WARN_OBJC_IMPLICIT_RETAIN_SELF = YES;
				CLANG_WARN_OBJC_LITERAL_CONVERSION = YES;
				CLANG_WARN_OBJC_ROOT_CLASS = YES_ERROR;
				CLANG_WARN_QUOTED_INCLUDE_IN_FRAMEWORK_HEADER = YES;
				CLANG_WARN_RANGE_LOOP_ANALYSIS = YES;
				CLANG_WARN_STRICT_PROTOTYPES = YES;
				CLANG_WARN_SUSPICIOUS_MOVE = YES;
				CLANG_WARN_UNGUARDED_AVAILABILITY = YES_AGGRESSIVE;
				CLANG_WARN_UNREACHABLE_CODE = YES;
				CLANG_WARN__DUPLICATE_METHOD_MATCH = YES;
				COPY_PHASE_STRIP = NO;
				DEBUG_INFORMATION_FORMAT = "dwarf-with-dsym";
				ENABLE_NS_ASSERTIONS = NO;
				ENABLE_STRICT_OBJC_MSGSEND = YES;
				GCC_C_LANGUAGE_STANDARD = gnu11;
				GCC_NO_COMMON_BLOCKS = YES;
				GCC_WARN_64_TO_32_BIT_CONVERSION = YES;
				GCC_WARN_ABOUT_RETURN_TYPE = YES_ERROR;
				GCC_WARN_UNDECLARED_SELECTOR = YES;
				GCC_WARN_UNINITIALIZED_AUTOS = YES_AGGRESSIVE;
				GCC_WARN_UNUSED_FUNCTION = YES;
				GCC_WARN_UNUSED_VARIABLE = YES;
				MTL_ENABLE_DEBUG_INFO = NO;
				MTL_FAST_MATH = YES;
				SDKROOT = iphoneos;
				SWIFT_COMPILATION_MODE = wholemodule;
				SWIFT_OPTIMIZATION_LEVEL = "-O";
				VALIDATE_PRODUCT = YES;
			};
			name = Release;
		};
		2B3BE5A527F4AAF50048F5B3 /* Debug */ = {
			isa = XCBuildConfiguration;
			buildSettings = {
				ASSETCATALOG_COMPILER_COMPLICATION_NAME = Complication;
				CODE_SIGN_STYLE = Automatic;
				CURRENT_PROJECT_VERSION = 1;
				DEVELOPMENT_ASSET_PATHS = "\"basicWatchOSApp WatchKit Extension/Preview Content\"";
				DEVELOPMENT_TEAM = 896VMXCQU5;
				ENABLE_PREVIEWS = YES;
				GENERATE_INFOPLIST_FILE = YES;
				INFOPLIST_FILE = "basicWatchOSApp WatchKit Extension/Info.plist";
				INFOPLIST_KEY_CFBundleDisplayName = "basicWatchOSApp WatchKit Extension";
				INFOPLIST_KEY_CLKComplicationPrincipalClass = "$(PRODUCT_MODULE_NAME).ComplicationController";
				INFOPLIST_KEY_NSHumanReadableCopyright = "";
				INFOPLIST_KEY_WKWatchOnly = YES;
				LD_RUNPATH_SEARCH_PATHS = (
					"$(inherited)",
					"@executable_path/Frameworks",
					"@executable_path/../../Frameworks",
				);
				MARKETING_VERSION = 1.0;
				PRODUCT_BUNDLE_IDENTIFIER = okido.basicWatchOSApp.watchkitapp.watchkitextension;
				PRODUCT_NAME = "${TARGET_NAME}";
				SDKROOT = watchos;
				SKIP_INSTALL = YES;
				SWIFT_EMIT_LOC_STRINGS = YES;
				SWIFT_VERSION = 5.0;
				TARGETED_DEVICE_FAMILY = 4;
				WATCHOS_DEPLOYMENT_TARGET = 8.5;
			};
			name = Debug;
		};
		2B3BE5A627F4AAF50048F5B3 /* Release */ = {
			isa = XCBuildConfiguration;
			buildSettings = {
				ASSETCATALOG_COMPILER_COMPLICATION_NAME = Complication;
				CODE_SIGN_STYLE = Automatic;
				CURRENT_PROJECT_VERSION = 1;
				DEVELOPMENT_ASSET_PATHS = "\"basicWatchOSApp WatchKit Extension/Preview Content\"";
				DEVELOPMENT_TEAM = 896VMXCQU5;
				ENABLE_PREVIEWS = YES;
				GENERATE_INFOPLIST_FILE = YES;
				INFOPLIST_FILE = "basicWatchOSApp WatchKit Extension/Info.plist";
				INFOPLIST_KEY_CFBundleDisplayName = "basicWatchOSApp WatchKit Extension";
				INFOPLIST_KEY_CLKComplicationPrincipalClass = "$(PRODUCT_MODULE_NAME).ComplicationController";
				INFOPLIST_KEY_NSHumanReadableCopyright = "";
				INFOPLIST_KEY_WKWatchOnly = YES;
				LD_RUNPATH_SEARCH_PATHS = (
					"$(inherited)",
					"@executable_path/Frameworks",
					"@executable_path/../../Frameworks",
				);
				MARKETING_VERSION = 1.0;
				PRODUCT_BUNDLE_IDENTIFIER = okido.basicWatchOSApp.watchkitapp.watchkitextension;
				PRODUCT_NAME = "${TARGET_NAME}";
				SDKROOT = watchos;
				SKIP_INSTALL = YES;
				SWIFT_EMIT_LOC_STRINGS = YES;
				SWIFT_VERSION = 5.0;
				TARGETED_DEVICE_FAMILY = 4;
				WATCHOS_DEPLOYMENT_TARGET = 8.5;
			};
			name = Release;
		};
		2B3BE5A927F4AAF50048F5B3 /* Debug */ = {
			isa = XCBuildConfiguration;
			buildSettings = {
				ALWAYS_EMBED_SWIFT_STANDARD_LIBRARIES = YES;
				ASSETCATALOG_COMPILER_APPICON_NAME = AppIcon;
				ASSETCATALOG_COMPILER_GLOBAL_ACCENT_COLOR_NAME = AccentColor;
				CODE_SIGN_STYLE = Automatic;
				CURRENT_PROJECT_VERSION = 1;
				DEVELOPMENT_TEAM = 896VMXCQU5;
				GENERATE_INFOPLIST_FILE = YES;
				IBSC_MODULE = basicWatchOSApp_WatchKit_Extension;
				INFOPLIST_KEY_CFBundleDisplayName = "basicWatchOSApp WatchKit App";
				INFOPLIST_KEY_UISupportedInterfaceOrientations = "UIInterfaceOrientationPortrait UIInterfaceOrientationPortraitUpsideDown";
				MARKETING_VERSION = 1.0;
				PRODUCT_BUNDLE_IDENTIFIER = okido.basicWatchOSApp.watchkitapp;
				PRODUCT_NAME = "$(TARGET_NAME)";
				SDKROOT = watchos;
				SKIP_INSTALL = YES;
				SWIFT_EMIT_LOC_STRINGS = YES;
				SWIFT_VERSION = 5.0;
				TARGETED_DEVICE_FAMILY = 4;
				WATCHOS_DEPLOYMENT_TARGET = 8.5;
			};
			name = Debug;
		};
		2B3BE5AA27F4AAF50048F5B3 /* Release */ = {
			isa = XCBuildConfiguration;
			buildSettings = {
				ALWAYS_EMBED_SWIFT_STANDARD_LIBRARIES = YES;
				ASSETCATALOG_COMPILER_APPICON_NAME = AppIcon;
				ASSETCATALOG_COMPILER_GLOBAL_ACCENT_COLOR_NAME = AccentColor;
				CODE_SIGN_STYLE = Automatic;
				CURRENT_PROJECT_VERSION = 1;
				DEVELOPMENT_TEAM = 896VMXCQU5;
				GENERATE_INFOPLIST_FILE = YES;
				IBSC_MODULE = basicWatchOSApp_WatchKit_Extension;
				INFOPLIST_KEY_CFBundleDisplayName = "basicWatchOSApp WatchKit App";
				INFOPLIST_KEY_UISupportedInterfaceOrientations = "UIInterfaceOrientationPortrait UIInterfaceOrientationPortraitUpsideDown";
				MARKETING_VERSION = 1.0;
				PRODUCT_BUNDLE_IDENTIFIER = okido.basicWatchOSApp.watchkitapp;
				PRODUCT_NAME = "$(TARGET_NAME)";
				SDKROOT = watchos;
				SKIP_INSTALL = YES;
				SWIFT_EMIT_LOC_STRINGS = YES;
				SWIFT_VERSION = 5.0;
				TARGETED_DEVICE_FAMILY = 4;
				WATCHOS_DEPLOYMENT_TARGET = 8.5;
			};
			name = Release;
		};
		2B3BE5AD27F4AAF50048F5B3 /* Debug */ = {
			isa = XCBuildConfiguration;
			buildSettings = {
				CODE_SIGN_STYLE = Automatic;
				CURRENT_PROJECT_VERSION = 1;
				DEVELOPMENT_TEAM = 896VMXCQU5;
				MARKETING_VERSION = 1.0;
				PRODUCT_BUNDLE_IDENTIFIER = okido.basicWatchOSApp;
				PRODUCT_NAME = "$(TARGET_NAME)";
				SWIFT_VERSION = 5.0;
			};
			name = Debug;
		};
		2B3BE5AE27F4AAF50048F5B3 /* Release */ = {
			isa = XCBuildConfiguration;
			buildSettings = {
				CODE_SIGN_STYLE = Automatic;
				CURRENT_PROJECT_VERSION = 1;
				DEVELOPMENT_TEAM = 896VMXCQU5;
				MARKETING_VERSION = 1.0;
				PRODUCT_BUNDLE_IDENTIFIER = okido.basicWatchOSApp;
				PRODUCT_NAME = "$(TARGET_NAME)";
				SWIFT_VERSION = 5.0;
			};
			name = Release;
		};
/* End XCBuildConfiguration section */

/* Begin XCConfigurationList section */
		2B3BE57A27F4AAF00048F5B3 /* Build configuration list for PBXProject "basicWatchOSApp" */ = {
			isa = XCConfigurationList;
			buildConfigurations = (
				2B3BE5A227F4AAF50048F5B3 /* Debug */,
				2B3BE5A327F4AAF50048F5B3 /* Release */,
			);
			defaultConfigurationIsVisible = 0;
			defaultConfigurationName = Release;
		};
		2B3BE5A427F4AAF50048F5B3 /* Build configuration list for PBXNativeTarget "basicWatchOSApp WatchKit Extension" */ = {
			isa = XCConfigurationList;
			buildConfigurations = (
				2B3BE5A527F4AAF50048F5B3 /* Debug */,
				2B3BE5A627F4AAF50048F5B3 /* Release */,
			);
			defaultConfigurationIsVisible = 0;
			defaultConfigurationName = Release;
		};
		2B3BE5A827F4AAF50048F5B3 /* Build configuration list for PBXNativeTarget "basicWatchOSApp WatchKit App" */ = {
			isa = XCConfigurationList;
			buildConfigurations = (
				2B3BE5A927F4AAF50048F5B3 /* Debug */,
				2B3BE5AA27F4AAF50048F5B3 /* Release */,
			);
			defaultConfigurationIsVisible = 0;
			defaultConfigurationName = Release;
		};
		2B3BE5AC27F4AAF50048F5B3 /* Build configuration list for PBXNativeTarget "basicWatchOSApp" */ = {
			isa = XCConfigurationList;
			buildConfigurations = (
				2B3BE5AD27F4AAF50048F5B3 /* Debug */,
				2B3BE5AE27F4AAF50048F5B3 /* Release */,
			);
			defaultConfigurationIsVisible = 0;
			defaultConfigurationName = Release;
		};
/* End XCConfigurationList section */
	};
	rootObject = 2B3BE57727F4AAF00048F5B3 /* Project object */;
}
